<?xml version="1.0" encoding="utf-8"?>
<Project ToolsVersion="4.0" xmlns="http://schemas.microsoft.com/developer/msbuild/2003">
  <ItemGroup>
    <Filter Include="STL공부자료">
      <UniqueIdentifier>{4FC737F1-C7A5-4376-A066-2A32D752A2FF}</UniqueIdentifier>
      <Extensions>cpp;c;cc;cxx;c++;cppm;ixx;def;odl;idl;hpj;bat;asm;asmx</Extensions>
    </Filter>
    <Filter Include="STL공부자료\4월">
      <UniqueIdentifier>{dbbd71fe-bb0b-4ce3-89b1-bd561958851a}</UniqueIdentifier>
    </Filter>
    <Filter Include="Tool">
      <UniqueIdentifier>{72de0b10-0f9a-4b46-865a-a4eff492545d}</UniqueIdentifier>
    </Filter>
    <Filter Include="Tool\Save">
      <UniqueIdentifier>{2ae4fc9f-207b-41dd-ad65-301e615c6fec}</UniqueIdentifier>
    </Filter>
    <Filter Include="Tool\String">
      <UniqueIdentifier>{33031e70-177f-4ce4-ace9-7c776a4551e4}</UniqueIdentifier>
    </Filter>
    <Filter Include="Stduy_Test">
      <UniqueIdentifier>{05bafe85-c975-4f06-80fa-0573b54928e0}</UniqueIdentifier>
    </Filter>
    <Filter Include="중간고사_준비">
      <UniqueIdentifier>{7542f0ce-2a94-4b5d-8799-39cd6cc892f0}</UniqueIdentifier>
    </Filter>
    <Filter Include="Tool\Dog">
      <UniqueIdentifier>{8b3e61e3-3f56-414d-a32b-7ebf63521d12}</UniqueIdentifier>
    </Filter>
    <Filter Include="STL공부자료\5월">
      <UniqueIdentifier>{9d24419c-e8e8-4c2d-8738-12d7721b9f4e}</UniqueIdentifier>
    </Filter>
  </ItemGroup>
  <ItemGroup>
    <ClCompile Include="STL.cpp">
      <Filter>STL공부자료</Filter>
    </ClCompile>
    <ClCompile Include="5주차 자료\5주차_1.cpp">
      <Filter>STL공부자료\4월</Filter>
    </ClCompile>
    <ClCompile Include="5주차 자료\5주차_2.cpp">
      <Filter>STL공부자료\4월</Filter>
    </ClCompile>
    <ClCompile Include="6주차 자료\6주차_1.cpp">
      <Filter>STL공부자료\4월</Filter>
    </ClCompile>
    <ClCompile Include="6주차 자료\6주차_2.cpp">
      <Filter>STL공부자료\4월</Filter>
    </ClCompile>
    <ClCompile Include="7주차 자료\7주차_2.cpp">
      <Filter>STL공부자료\4월</Filter>
    </ClCompile>
    <ClCompile Include="save.cpp">
      <Filter>Tool\Save</Filter>
    </ClCompile>
    <ClCompile Include="String.cpp">
      <Filter>Tool\String</Filter>
    </ClCompile>
    <ClCompile Include="Study.cpp">
      <Filter>Stduy_Test</Filter>
    </ClCompile>
    <ClCompile Include="test.cpp">
      <Filter>Stduy_Test</Filter>
    </ClCompile>
    <ClCompile Include="8주차 자료\8주차_1.cpp">
      <Filter>STL공부자료\4월</Filter>
    </ClCompile>
    <ClCompile Include="Middle_Test.cpp">
      <Filter>중간고사_준비</Filter>
    </ClCompile>
    <ClCompile Include="Tool.cpp">
      <Filter>Tool</Filter>
    </ClCompile>
    <ClCompile Include="Dog.cpp">
      <Filter>Tool\Dog</Filter>
    </ClCompile>
    <ClCompile Include="9주차 자료\9주차_2.cpp">
      <Filter>STL공부자료\5월</Filter>
    </ClCompile>
    <ClCompile Include="10주차_1.cpp">
      <Filter>STL공부자료\5월</Filter>
    </ClCompile>
    <ClCompile Include="10주차_2.cpp">
      <Filter>STL공부자료\5월</Filter>
    </ClCompile>
    <ClCompile Include="11주차 자료\11주차_1.cpp">
      <Filter>STL공부자료\5월</Filter>
    </ClCompile>
    <ClCompile Include="11주차 자료\11주차_2.cpp">
      <Filter>STL공부자료\5월</Filter>
    </ClCompile>
  </ItemGroup>
  <ItemGroup>
    <ClInclude Include="save.h">
      <Filter>Tool\Save</Filter>
    </ClInclude>
    <ClInclude Include="String.h">
      <Filter>Tool\String</Filter>
    </ClInclude>
    <ClInclude Include="Tool.h">
      <Filter>Tool</Filter>
    </ClInclude>
    <ClInclude Include="Dog.h">
      <Filter>Tool\Dog</Filter>
    </ClInclude>
  </ItemGroup>
</Project>